// !$*UTF8*$!
{
	archiveVersion = 1;
	classes = {
	};
	objectVersion = 48;
	objects = {

/* Begin PBXBuildFile section */
		4C4F99271FC1774400A0422B /* AppDelegate.swift in Sources */ = {isa = PBXBuildFile; fileRef = 4C4F99261FC1774400A0422B /* AppDelegate.swift */; };
		4C4F99291FC1774400A0422B /* ViewController.swift in Sources */ = {isa = PBXBuildFile; fileRef = 4C4F99281FC1774400A0422B /* ViewController.swift */; };
		4C4F992C1FC1774400A0422B /* Main.storyboard in Resources */ = {isa = PBXBuildFile; fileRef = 4C4F992A1FC1774400A0422B /* Main.storyboard */; };
		4C4F992E1FC1774400A0422B /* Assets.xcassets in Resources */ = {isa = PBXBuildFile; fileRef = 4C4F992D1FC1774400A0422B /* Assets.xcassets */; };
		4C4F99311FC1774400A0422B /* LaunchScreen.storyboard in Resources */ = {isa = PBXBuildFile; fileRef = 4C4F992F1FC1774400A0422B /* LaunchScreen.storyboard */; };
		4C4F993C1FC1774400A0422B /* Realm_Array_String_ExampleTests.swift in Sources */ = {isa = PBXBuildFile; fileRef = 4C4F993B1FC1774400A0422B /* Realm_Array_String_ExampleTests.swift */; };
		4C4F99471FC1774400A0422B /* Realm_Array_String_ExampleUITests.swift in Sources */ = {isa = PBXBuildFile; fileRef = 4C4F99461FC1774400A0422B /* Realm_Array_String_ExampleUITests.swift */; };
		4C6AEE661FC181750043E7BC /* CommentsModel.swift in Sources */ = {isa = PBXBuildFile; fileRef = 4C6AEE651FC181750043E7BC /* CommentsModel.swift */; };
		8B98BC0AAB77E57C48AB94AB /* Pods_Realm_Array_String_ExampleTests.framework in Frameworks */ = {isa = PBXBuildFile; fileRef = 1C4106252545311983BD0B39 /* Pods_Realm_Array_String_ExampleTests.framework */; };
		C1F86072CFD9E30B973F60E0 /* Pods_Realm_Array_String_Example.framework in Frameworks */ = {isa = PBXBuildFile; fileRef = 65B952A2340B8B0C93D0B2EF /* Pods_Realm_Array_String_Example.framework */; };
		FF6F4DA15E153FEA601157E2 /* Pods_Realm_Array_String_ExampleUITests.framework in Frameworks */ = {isa = PBXBuildFile; fileRef = BDC429C4D404A5AAB417F297 /* Pods_Realm_Array_String_ExampleUITests.framework */; };
/* End PBXBuildFile section */

/* Begin PBXContainerItemProxy section */
		4C4F99381FC1774400A0422B /* PBXContainerItemProxy */ = {
			isa = PBXContainerItemProxy;
			containerPortal = 4C4F991B1FC1774400A0422B /* Project object */;
			proxyType = 1;
			remoteGlobalIDString = 4C4F99221FC1774400A0422B;
			remoteInfo = "Realm Array String Example";
		};
		4C4F99431FC1774400A0422B /* PBXContainerItemProxy */ = {
			isa = PBXContainerItemProxy;
			containerPortal = 4C4F991B1FC1774400A0422B /* Project object */;
			proxyType = 1;
			remoteGlobalIDString = 4C4F99221FC1774400A0422B;
			remoteInfo = "Realm Array String Example";
		};
/* End PBXContainerItemProxy section */

/* Begin PBXFileReference section */
		1C4106252545311983BD0B39 /* Pods_Realm_Array_String_ExampleTests.framework */ = {isa = PBXFileReference; explicitFileType = wrapper.framework; includeInIndex = 0; path = Pods_Realm_Array_String_ExampleTests.framework; sourceTree = BUILT_PRODUCTS_DIR; };
		2978CBBC9D2F378C2DCF5CFA /* Pods-Realm Array String ExampleTests.release.xcconfig */ = {isa = PBXFileReference; includeInIndex = 1; lastKnownFileType = text.xcconfig; name = "Pods-Realm Array String ExampleTests.release.xcconfig"; path = "Pods/Target Support Files/Pods-Realm Array String ExampleTests/Pods-Realm Array String ExampleTests.release.xcconfig"; sourceTree = "<group>"; };
		3FA835952FE4EACEAF122893 /* Pods-Realm Array String ExampleUITests.release.xcconfig */ = {isa = PBXFileReference; includeInIndex = 1; lastKnownFileType = text.xcconfig; name = "Pods-Realm Array String ExampleUITests.release.xcconfig"; path = "Pods/Target Support Files/Pods-Realm Array String ExampleUITests/Pods-Realm Array String ExampleUITests.release.xcconfig"; sourceTree = "<group>"; };
		4A0BD6E0B01DC127D6FC3BB6 /* Pods-Realm Array String Example.release.xcconfig */ = {isa = PBXFileReference; includeInIndex = 1; lastKnownFileType = text.xcconfig; name = "Pods-Realm Array String Example.release.xcconfig"; path = "Pods/Target Support Files/Pods-Realm Array String Example/Pods-Realm Array String Example.release.xcconfig"; sourceTree = "<group>"; };
		4C4F99231FC1774400A0422B /* Realm Array String Example.app */ = {isa = PBXFileReference; explicitFileType = wrapper.application; includeInIndex = 0; path = "Realm Array String Example.app"; sourceTree = BUILT_PRODUCTS_DIR; };
		4C4F99261FC1774400A0422B /* AppDelegate.swift */ = {isa = PBXFileReference; lastKnownFileType = sourcecode.swift; path = AppDelegate.swift; sourceTree = "<group>"; };
		4C4F99281FC1774400A0422B /* ViewController.swift */ = {isa = PBXFileReference; lastKnownFileType = sourcecode.swift; path = ViewController.swift; sourceTree = "<group>"; };
		4C4F992B1FC1774400A0422B /* Base */ = {isa = PBXFileReference; lastKnownFileType = file.storyboard; name = Base; path = Base.lproj/Main.storyboard; sourceTree = "<group>"; };
		4C4F992D1FC1774400A0422B /* Assets.xcassets */ = {isa = PBXFileReference; lastKnownFileType = folder.assetcatalog; path = Assets.xcassets; sourceTree = "<group>"; };
		4C4F99301FC1774400A0422B /* Base */ = {isa = PBXFileReference; lastKnownFileType = file.storyboard; name = Base; path = Base.lproj/LaunchScreen.storyboard; sourceTree = "<group>"; };
		4C4F99321FC1774400A0422B /* Info.plist */ = {isa = PBXFileReference; lastKnownFileType = text.plist.xml; path = Info.plist; sourceTree = "<group>"; };
		4C4F99371FC1774400A0422B /* Realm Array String ExampleTests.xctest */ = {isa = PBXFileReference; explicitFileType = wrapper.cfbundle; includeInIndex = 0; path = "Realm Array String ExampleTests.xctest"; sourceTree = BUILT_PRODUCTS_DIR; };
		4C4F993B1FC1774400A0422B /* Realm_Array_String_ExampleTests.swift */ = {isa = PBXFileReference; lastKnownFileType = sourcecode.swift; path = Realm_Array_String_ExampleTests.swift; sourceTree = "<group>"; };
		4C4F993D1FC1774400A0422B /* Info.plist */ = {isa = PBXFileReference; lastKnownFileType = text.plist.xml; path = Info.plist; sourceTree = "<group>"; };
		4C4F99421FC1774400A0422B /* Realm Array String ExampleUITests.xctest */ = {isa = PBXFileReference; explicitFileType = wrapper.cfbundle; includeInIndex = 0; path = "Realm Array String ExampleUITests.xctest"; sourceTree = BUILT_PRODUCTS_DIR; };
		4C4F99461FC1774400A0422B /* Realm_Array_String_ExampleUITests.swift */ = {isa = PBXFileReference; lastKnownFileType = sourcecode.swift; path = Realm_Array_String_ExampleUITests.swift; sourceTree = "<group>"; };
		4C4F99481FC1774400A0422B /* Info.plist */ = {isa = PBXFileReference; lastKnownFileType = text.plist.xml; path = Info.plist; sourceTree = "<group>"; };
		4C6AEE651FC181750043E7BC /* CommentsModel.swift */ = {isa = PBXFileReference; lastKnownFileType = sourcecode.swift; path = CommentsModel.swift; sourceTree = "<group>"; };
		64E227C98A6D59D2F60F3C30 /* Pods-Realm Array String Example.debug.xcconfig */ = {isa = PBXFileReference; includeInIndex = 1; lastKnownFileType = text.xcconfig; name = "Pods-Realm Array String Example.debug.xcconfig"; path = "Pods/Target Support Files/Pods-Realm Array String Example/Pods-Realm Array String Example.debug.xcconfig"; sourceTree = "<group>"; };
		65B952A2340B8B0C93D0B2EF /* Pods_Realm_Array_String_Example.framework */ = {isa = PBXFileReference; explicitFileType = wrapper.framework; includeInIndex = 0; path = Pods_Realm_Array_String_Example.framework; sourceTree = BUILT_PRODUCTS_DIR; };
		74A3CA9F485D716CC43FC9C9 /* Pods-Realm Array String ExampleTests.debug.xcconfig */ = {isa = PBXFileReference; includeInIndex = 1; lastKnownFileType = text.xcconfig; name = "Pods-Realm Array String ExampleTests.debug.xcconfig"; path = "Pods/Target Support Files/Pods-Realm Array String ExampleTests/Pods-Realm Array String ExampleTests.debug.xcconfig"; sourceTree = "<group>"; };
		AF3118EDA5046B8292EAA937 /* Pods-Realm Array String ExampleUITests.debug.xcconfig */ = {isa = PBXFileReference; includeInIndex = 1; lastKnownFileType = text.xcconfig; name = "Pods-Realm Array String ExampleUITests.debug.xcconfig"; path = "Pods/Target Support Files/Pods-Realm Array String ExampleUITests/Pods-Realm Array String ExampleUITests.debug.xcconfig"; sourceTree = "<group>"; };
		BDC429C4D404A5AAB417F297 /* Pods_Realm_Array_String_ExampleUITests.framework */ = {isa = PBXFileReference; explicitFileType = wrapper.framework; includeInIndex = 0; path = Pods_Realm_Array_String_ExampleUITests.framework; sourceTree = BUILT_PRODUCTS_DIR; };
/* End PBXFileReference section */

/* Begin PBXFrameworksBuildPhase section */
		4C4F99201FC1774400A0422B /* Frameworks */ = {
			isa = PBXFrameworksBuildPhase;
			buildActionMask = 2147483647;
			files = (
				C1F86072CFD9E30B973F60E0 /* Pods_Realm_Array_String_Example.framework in Frameworks */,
			);
			runOnlyForDeploymentPostprocessing = 0;
		};
		4C4F99341FC1774400A0422B /* Frameworks */ = {
			isa = PBXFrameworksBuildPhase;
			buildActionMask = 2147483647;
			files = (
				8B98BC0AAB77E57C48AB94AB /* Pods_Realm_Array_String_ExampleTests.framework in Frameworks */,
			);
			runOnlyForDeploymentPostprocessing = 0;
		};
		4C4F993F1FC1774400A0422B /* Frameworks */ = {
			isa = PBXFrameworksBuildPhase;
			buildActionMask = 2147483647;
			files = (
				FF6F4DA15E153FEA601157E2 /* Pods_Realm_Array_String_ExampleUITests.framework in Frameworks */,
			);
			runOnlyForDeploymentPostprocessing = 0;
		};
/* End PBXFrameworksBuildPhase section */

/* Begin PBXGroup section */
		2EE1283EAB54748F35A4559D /* Pods */ = {
			isa = PBXGroup;
			children = (
				64E227C98A6D59D2F60F3C30 /* Pods-Realm Array String Example.debug.xcconfig */,
				4A0BD6E0B01DC127D6FC3BB6 /* Pods-Realm Array String Example.release.xcconfig */,
				74A3CA9F485D716CC43FC9C9 /* Pods-Realm Array String ExampleTests.debug.xcconfig */,
				2978CBBC9D2F378C2DCF5CFA /* Pods-Realm Array String ExampleTests.release.xcconfig */,
				AF3118EDA5046B8292EAA937 /* Pods-Realm Array String ExampleUITests.debug.xcconfig */,
				3FA835952FE4EACEAF122893 /* Pods-Realm Array String ExampleUITests.release.xcconfig */,
			);
			name = Pods;
			sourceTree = "<group>";
		};
		4C4F991A1FC1774400A0422B = {
			isa = PBXGroup;
			children = (
				4C4F99251FC1774400A0422B /* Realm Array String Example */,
				4C4F993A1FC1774400A0422B /* Realm Array String ExampleTests */,
				4C4F99451FC1774400A0422B /* Realm Array String ExampleUITests */,
				4C4F99241FC1774400A0422B /* Products */,
				2EE1283EAB54748F35A4559D /* Pods */,
				6BF081ED544DE4D5C79F7AC3 /* Frameworks */,
			);
			sourceTree = "<group>";
		};
		4C4F99241FC1774400A0422B /* Products */ = {
			isa = PBXGroup;
			children = (
				4C4F99231FC1774400A0422B /* Realm Array String Example.app */,
				4C4F99371FC1774400A0422B /* Realm Array String ExampleTests.xctest */,
				4C4F99421FC1774400A0422B /* Realm Array String ExampleUITests.xctest */,
			);
			name = Products;
			sourceTree = "<group>";
		};
		4C4F99251FC1774400A0422B /* Realm Array String Example */ = {
			isa = PBXGroup;
			children = (
				4C4F99261FC1774400A0422B /* AppDelegate.swift */,
				4C4F99281FC1774400A0422B /* ViewController.swift */,
				4C4F992A1FC1774400A0422B /* Main.storyboard */,
				4C4F992D1FC1774400A0422B /* Assets.xcassets */,
				4C4F992F1FC1774400A0422B /* LaunchScreen.storyboard */,
				4C4F99321FC1774400A0422B /* Info.plist */,
				4C6AEE651FC181750043E7BC /* CommentsModel.swift */,
			);
			path = "Realm Array String Example";
			sourceTree = "<group>";
		};
		4C4F993A1FC1774400A0422B /* Realm Array String ExampleTests */ = {
			isa = PBXGroup;
			children = (
				4C4F993B1FC1774400A0422B /* Realm_Array_String_ExampleTests.swift */,
				4C4F993D1FC1774400A0422B /* Info.plist */,
			);
			path = "Realm Array String ExampleTests";
			sourceTree = "<group>";
		};
		4C4F99451FC1774400A0422B /* Realm Array String ExampleUITests */ = {
			isa = PBXGroup;
			children = (
				4C4F99461FC1774400A0422B /* Realm_Array_String_ExampleUITests.swift */,
				4C4F99481FC1774400A0422B /* Info.plist */,
			);
			path = "Realm Array String ExampleUITests";
			sourceTree = "<group>";
		};
		6BF081ED544DE4D5C79F7AC3 /* Frameworks */ = {
			isa = PBXGroup;
			children = (
				65B952A2340B8B0C93D0B2EF /* Pods_Realm_Array_String_Example.framework */,
				1C4106252545311983BD0B39 /* Pods_Realm_Array_String_ExampleTests.framework */,
				BDC429C4D404A5AAB417F297 /* Pods_Realm_Array_String_ExampleUITests.framework */,
			);
			name = Frameworks;
			sourceTree = "<group>";
		};
/* End PBXGroup section */

/* Begin PBXNativeTarget section */
		4C4F99221FC1774400A0422B /* Realm Array String Example */ = {
			isa = PBXNativeTarget;
			buildConfigurationList = 4C4F994B1FC1774400A0422B /* Build configuration list for PBXNativeTarget "Realm Array String Example" */;
			buildPhases = (
				95204B6E26AE807B459283A1 /* [CP] Check Pods Manifest.lock */,
				4C4F991F1FC1774400A0422B /* Sources */,
				4C4F99201FC1774400A0422B /* Frameworks */,
				4C4F99211FC1774400A0422B /* Resources */,
				87AC0E0C481BC7073E1068BD /* [CP] Embed Pods Frameworks */,
				DC6BDF640F86E5446DFD1D9A /* [CP] Copy Pods Resources */,
			);
			buildRules = (
			);
			dependencies = (
			);
			name = "Realm Array String Example";
			productName = "Realm Array String Example";
			productReference = 4C4F99231FC1774400A0422B /* Realm Array String Example.app */;
			productType = "com.apple.product-type.application";
		};
		4C4F99361FC1774400A0422B /* Realm Array String ExampleTests */ = {
			isa = PBXNativeTarget;
			buildConfigurationList = 4C4F994E1FC1774400A0422B /* Build configuration list for PBXNativeTarget "Realm Array String ExampleTests" */;
			buildPhases = (
				75E9C526E0DB7B1F60998668 /* [CP] Check Pods Manifest.lock */,
				4C4F99331FC1774400A0422B /* Sources */,
				4C4F99341FC1774400A0422B /* Frameworks */,
				4C4F99351FC1774400A0422B /* Resources */,
				233DE6340DCCA000EF27A7F8 /* [CP] Embed Pods Frameworks */,
				95A8C7E9683B088A8DA2B25F /* [CP] Copy Pods Resources */,
			);
			buildRules = (
			);
			dependencies = (
				4C4F99391FC1774400A0422B /* PBXTargetDependency */,
			);
			name = "Realm Array String ExampleTests";
			productName = "Realm Array String ExampleTests";
			productReference = 4C4F99371FC1774400A0422B /* Realm Array String ExampleTests.xctest */;
			productType = "com.apple.product-type.bundle.unit-test";
		};
		4C4F99411FC1774400A0422B /* Realm Array String ExampleUITests */ = {
			isa = PBXNativeTarget;
			buildConfigurationList = 4C4F99511FC1774400A0422B /* Build configuration list for PBXNativeTarget "Realm Array String ExampleUITests" */;
			buildPhases = (
				D460D0D8CBE9237BF16BE64E /* [CP] Check Pods Manifest.lock */,
				4C4F993E1FC1774400A0422B /* Sources */,
				4C4F993F1FC1774400A0422B /* Frameworks */,
				4C4F99401FC1774400A0422B /* Resources */,
				19D703DD2BF2445AAC2FAAE9 /* [CP] Embed Pods Frameworks */,
				94EA3DF49F8DDEABF9B7661B /* [CP] Copy Pods Resources */,
			);
			buildRules = (
			);
			dependencies = (
				4C4F99441FC1774400A0422B /* PBXTargetDependency */,
			);
			name = "Realm Array String ExampleUITests";
			productName = "Realm Array String ExampleUITests";
			productReference = 4C4F99421FC1774400A0422B /* Realm Array String ExampleUITests.xctest */;
			productType = "com.apple.product-type.bundle.ui-testing";
		};
/* End PBXNativeTarget section */

/* Begin PBXProject section */
		4C4F991B1FC1774400A0422B /* Project object */ = {
			isa = PBXProject;
			attributes = {
				LastSwiftUpdateCheck = 0910;
				LastUpgradeCheck = 0910;
				ORGANIZATIONNAME = "Saleh AlDhobaie";
				TargetAttributes = {
					4C4F99221FC1774400A0422B = {
						CreatedOnToolsVersion = 9.1;
						ProvisioningStyle = Automatic;
					};
					4C4F99361FC1774400A0422B = {
						CreatedOnToolsVersion = 9.1;
						ProvisioningStyle = Automatic;
						TestTargetID = 4C4F99221FC1774400A0422B;
					};
					4C4F99411FC1774400A0422B = {
						CreatedOnToolsVersion = 9.1;
						ProvisioningStyle = Automatic;
						TestTargetID = 4C4F99221FC1774400A0422B;
					};
				};
			};
			buildConfigurationList = 4C4F991E1FC1774400A0422B /* Build configuration list for PBXProject "Realm Array String Example" */;
			compatibilityVersion = "Xcode 8.0";
			developmentRegion = en;
			hasScannedForEncodings = 0;
			knownRegions = (
				en,
				Base,
			);
			mainGroup = 4C4F991A1FC1774400A0422B;
			productRefGroup = 4C4F99241FC1774400A0422B /* Products */;
			projectDirPath = "";
			projectRoot = "";
			targets = (
				4C4F99221FC1774400A0422B /* Realm Array String Example */,
				4C4F99361FC1774400A0422B /* Realm Array String ExampleTests */,
				4C4F99411FC1774400A0422B /* Realm Array String ExampleUITests */,
			);
		};
/* End PBXProject section */

/* Begin PBXResourcesBuildPhase section */
		4C4F99211FC1774400A0422B /* Resources */ = {
			isa = PBXResourcesBuildPhase;
			buildActionMask = 2147483647;
			files = (
				4C4F99311FC1774400A0422B /* LaunchScreen.storyboard in Resources */,
				4C4F992E1FC1774400A0422B /* Assets.xcassets in Resources */,
				4C4F992C1FC1774400A0422B /* Main.storyboard in Resources */,
			);
			runOnlyForDeploymentPostprocessing = 0;
		};
		4C4F99351FC1774400A0422B /* Resources */ = {
			isa = PBXResourcesBuildPhase;
			buildActionMask = 2147483647;
			files = (
			);
			runOnlyForDeploymentPostprocessing = 0;
		};
		4C4F99401FC1774400A0422B /* Resources */ = {
			isa = PBXResourcesBuildPhase;
			buildActionMask = 2147483647;
			files = (
			);
			runOnlyForDeploymentPostprocessing = 0;
		};
/* End PBXResourcesBuildPhase section */

/* Begin PBXShellScriptBuildPhase section */
		19D703DD2BF2445AAC2FAAE9 /* [CP] Embed Pods Frameworks */ = {
			isa = PBXShellScriptBuildPhase;
			buildActionMask = 2147483647;
			files = (
			);
			inputPaths = (
			);
			name = "[CP] Embed Pods Frameworks";
			outputPaths = (
			);
			runOnlyForDeploymentPostprocessing = 0;
			shellPath = /bin/sh;
			shellScript = "\"${SRCROOT}/Pods/Target Support Files/Pods-Realm Array String ExampleUITests/Pods-Realm Array String ExampleUITests-frameworks.sh\"\n";
			showEnvVarsInLog = 0;
		};
		233DE6340DCCA000EF27A7F8 /* [CP] Embed Pods Frameworks */ = {
			isa = PBXShellScriptBuildPhase;
			buildActionMask = 2147483647;
			files = (
			);
			inputPaths = (
			);
			name = "[CP] Embed Pods Frameworks";
			outputPaths = (
			);
			runOnlyForDeploymentPostprocessing = 0;
			shellPath = /bin/sh;
			shellScript = "\"${SRCROOT}/Pods/Target Support Files/Pods-Realm Array String ExampleTests/Pods-Realm Array String ExampleTests-frameworks.sh\"\n";
			showEnvVarsInLog = 0;
		};
		75E9C526E0DB7B1F60998668 /* [CP] Check Pods Manifest.lock */ = {
			isa = PBXShellScriptBuildPhase;
			buildActionMask = 2147483647;
			files = (
			);
			inputPaths = (
				"${PODS_PODFILE_DIR_PATH}/Podfile.lock",
				"${PODS_ROOT}/Manifest.lock",
			);
			name = "[CP] Check Pods Manifest.lock";
			outputPaths = (
				"$(DERIVED_FILE_DIR)/Pods-Realm Array String ExampleTests-checkManifestLockResult.txt",
			);
			runOnlyForDeploymentPostprocessing = 0;
			shellPath = /bin/sh;
			shellScript = "diff \"${PODS_PODFILE_DIR_PATH}/Podfile.lock\" \"${PODS_ROOT}/Manifest.lock\" > /dev/null\nif [ $? != 0 ] ; then\n    # print error to STDERR\n    echo \"error: The sandbox is not in sync with the Podfile.lock. Run 'pod install' or update your CocoaPods installation.\" >&2\n    exit 1\nfi\n# This output is used by Xcode 'outputs' to avoid re-running this script phase.\necho \"SUCCESS\" > \"${SCRIPT_OUTPUT_FILE_0}\"\n";
			showEnvVarsInLog = 0;
		};
		87AC0E0C481BC7073E1068BD /* [CP] Embed Pods Frameworks */ = {
			isa = PBXShellScriptBuildPhase;
			buildActionMask = 2147483647;
			files = (
			);
			inputPaths = (
				"${SRCROOT}/Pods/Target Support Files/Pods-Realm Array String Example/Pods-Realm Array String Example-frameworks.sh",
				"${BUILT_PRODUCTS_DIR}/Realm/Realm.framework",
				"${BUILT_PRODUCTS_DIR}/RealmSwift/RealmSwift.framework",
			);
			name = "[CP] Embed Pods Frameworks";
			outputPaths = (
				"${TARGET_BUILD_DIR}/${FRAMEWORKS_FOLDER_PATH}/Realm.framework",
				"${TARGET_BUILD_DIR}/${FRAMEWORKS_FOLDER_PATH}/RealmSwift.framework",
			);
			runOnlyForDeploymentPostprocessing = 0;
			shellPath = /bin/sh;
			shellScript = "\"${SRCROOT}/Pods/Target Support Files/Pods-Realm Array String Example/Pods-Realm Array String Example-frameworks.sh\"\n";
			showEnvVarsInLog = 0;
		};
		94EA3DF49F8DDEABF9B7661B /* [CP] Copy Pods Resources */ = {
			isa = PBXShellScriptBuildPhase;
			buildActionMask = 2147483647;
			files = (
			);
			inputPaths = (
			);
			name = "[CP] Copy Pods Resources";
			outputPaths = (
			);
			runOnlyForDeploymentPostprocessing = 0;
			shellPath = /bin/sh;
			shellScript = "\"${SRCROOT}/Pods/Target Support Files/Pods-Realm Array String ExampleUITests/Pods-Realm Array String ExampleUITests-resources.sh\"\n";
			showEnvVarsInLog = 0;
		};
		95204B6E26AE807B459283A1 /* [CP] Check Pods Manifest.lock */ = {
			isa = PBXShellScriptBuildPhase;
			buildActionMask = 2147483647;
			files = (
			);
			inputPaths = (
				"${PODS_PODFILE_DIR_PATH}/Podfile.lock",
				"${PODS_ROOT}/Manifest.lock",
			);
			name = "[CP] Check Pods Manifest.lock";
			outputPaths = (
				"$(DERIVED_FILE_DIR)/Pods-Realm Array String Example-checkManifestLockResult.txt",
			);
			runOnlyForDeploymentPostprocessing = 0;
			shellPath = /bin/sh;
			shellScript = "diff \"${PODS_PODFILE_DIR_PATH}/Podfile.lock\" \"${PODS_ROOT}/Manifest.lock\" > /dev/null\nif [ $? != 0 ] ; then\n    # print error to STDERR\n    echo \"error: The sandbox is not in sync with the Podfile.lock. Run 'pod install' or update your CocoaPods installation.\" >&2\n    exit 1\nfi\n# This output is used by Xcode 'outputs' to avoid re-running this script phase.\necho \"SUCCESS\" > \"${SCRIPT_OUTPUT_FILE_0}\"\n";
			showEnvVarsInLog = 0;
		};
		95A8C7E9683B088A8DA2B25F /* [CP] Copy Pods Resources */ = {
			isa = PBXShellScriptBuildPhase;
			buildActionMask = 2147483647;
			files = (
			);
			inputPaths = (
			);
			name = "[CP] Copy Pods Resources";
			outputPaths = (
			);
			runOnlyForDeploymentPostprocessing = 0;
			shellPath = /bin/sh;
			shellScript = "\"${SRCROOT}/Pods/Target Support Files/Pods-Realm Array String ExampleTests/Pods-Realm Array String ExampleTests-resources.sh\"\n";
			showEnvVarsInLog = 0;
		};
		D460D0D8CBE9237BF16BE64E /* [CP] Check Pods Manifest.lock */ = {
			isa = PBXShellScriptBuildPhase;
			buildActionMask = 2147483647;
			files = (
			);
			inputPaths = (
				"${PODS_PODFILE_DIR_PATH}/Podfile.lock",
				"${PODS_ROOT}/Manifest.lock",
			);
			name = "[CP] Check Pods Manifest.lock";
			outputPaths = (
				"$(DERIVED_FILE_DIR)/Pods-Realm Array String ExampleUITests-checkManifestLockResult.txt",
			);
			runOnlyForDeploymentPostprocessing = 0;
			shellPath = /bin/sh;
			shellScript = "diff \"${PODS_PODFILE_DIR_PATH}/Podfile.lock\" \"${PODS_ROOT}/Manifest.lock\" > /dev/null\nif [ $? != 0 ] ; then\n    # print error to STDERR\n    echo \"error: The sandbox is not in sync with the Podfile.lock. Run 'pod install' or update your CocoaPods installation.\" >&2\n    exit 1\nfi\n# This output is used by Xcode 'outputs' to avoid re-running this script phase.\necho \"SUCCESS\" > \"${SCRIPT_OUTPUT_FILE_0}\"\n";
			showEnvVarsInLog = 0;
		};
		DC6BDF640F86E5446DFD1D9A /* [CP] Copy Pods Resources */ = {
			isa = PBXShellScriptBuildPhase;
			buildActionMask = 2147483647;
			files = (
			);
			inputPaths = (
			);
			name = "[CP] Copy Pods Resources";
			outputPaths = (
			);
			runOnlyForDeploymentPostprocessing = 0;
			shellPath = /bin/sh;
			shellScript = "\"${SRCROOT}/Pods/Target Support Files/Pods-Realm Array String Example/Pods-Realm Array String Example-resources.sh\"\n";
			showEnvVarsInLog = 0;
		};
/* End PBXShellScriptBuildPhase section */

/* Begin PBXSourcesBuildPhase section */
		4C4F991F1FC1774400A0422B /* Sources */ = {
			isa = PBXSourcesBuildPhase;
			buildActionMask = 2147483647;
			files = (
				4C4F99291FC1774400A0422B /* ViewController.swift in Sources */,
				4C6AEE661FC181750043E7BC /* CommentsModel.swift in Sources */,
				4C4F99271FC1774400A0422B /* AppDelegate.swift in Sources */,
			);
			runOnlyForDeploymentPostprocessing = 0;
		};
		4C4F99331FC1774400A0422B /* Sources */ = {
			isa = PBXSourcesBuildPhase;
			buildActionMask = 2147483647;
			files = (
				4C4F993C1FC1774400A0422B /* Realm_Array_String_ExampleTests.swift in Sources */,
			);
			runOnlyForDeploymentPostprocessing = 0;
		};
		4C4F993E1FC1774400A0422B /* Sources */ = {
			isa = PBXSourcesBuildPhase;
			buildActionMask = 2147483647;
			files = (
				4C4F99471FC1774400A0422B /* Realm_Array_String_ExampleUITests.swift in Sources */,
			);
			runOnlyForDeploymentPostprocessing = 0;
		};
/* End PBXSourcesBuildPhase section */

/* Begin PBXTargetDependency section */
		4C4F99391FC1774400A0422B /* PBXTargetDependency */ = {
			isa = PBXTargetDependency;
			target = 4C4F99221FC1774400A0422B /* Realm Array String Example */;
			targetProxy = 4C4F99381FC1774400A0422B /* PBXContainerItemProxy */;
		};
		4C4F99441FC1774400A0422B /* PBXTargetDependency */ = {
			isa = PBXTargetDependency;
			target = 4C4F99221FC1774400A0422B /* Realm Array String Example */;
			targetProxy = 4C4F99431FC1774400A0422B /* PBXContainerItemProxy */;
		};
/* End PBXTargetDependency section */

/* Begin PBXVariantGroup section */
		4C4F992A1FC1774400A0422B /* Main.storyboard */ = {
			isa = PBXVariantGroup;
			children = (
				4C4F992B1FC1774400A0422B /* Base */,
			);
			name = Main.storyboard;
			sourceTree = "<group>";
		};
		4C4F992F1FC1774400A0422B /* LaunchScreen.storyboard */ = {
			isa = PBXVariantGroup;
			children = (
				4C4F99301FC1774400A0422B /* Base */,
			);
			name = LaunchScreen.storyboard;
			sourceTree = "<group>";
		};
/* End PBXVariantGroup section */

/* Begin XCBuildConfiguration section */
		4C4F99491FC1774400A0422B /* Debug */ = {
			isa = XCBuildConfiguration;
			buildSettings = {
				ALWAYS_SEARCH_USER_PATHS = NO;
				CLANG_ANALYZER_NONNULL = YES;
				CLANG_ANALYZER_NUMBER_OBJECT_CONVERSION = YES_AGGRESSIVE;
				CLANG_CXX_LANGUAGE_STANDARD = "gnu++14";
				CLANG_CXX_LIBRARY = "libc++";
				CLANG_ENABLE_MODULES = YES;
				CLANG_ENABLE_OBJC_ARC = YES;
				CLANG_WARN_BLOCK_CAPTURE_AUTORELEASING = YES;
				CLANG_WARN_BOOL_CONVERSION = YES;
				CLANG_WARN_COMMA = YES;
				CLANG_WARN_CONSTANT_CONVERSION = YES;
				CLANG_WARN_DIRECT_OBJC_ISA_USAGE = YES_ERROR;
				CLANG_WARN_DOCUMENTATION_COMMENTS = YES;
				CLANG_WARN_EMPTY_BODY = YES;
				CLANG_WARN_ENUM_CONVERSION = YES;
				CLANG_WARN_INFINITE_RECURSION = YES;
				CLANG_WARN_INT_CONVERSION = YES;
				CLANG_WARN_NON_LITERAL_NULL_CONVERSION = YES;
				CLANG_WARN_OBJC_LITERAL_CONVERSION = YES;
				CLANG_WARN_OBJC_ROOT_CLASS = YES_ERROR;
				CLANG_WARN_RANGE_LOOP_ANALYSIS = YES;
				CLANG_WARN_STRICT_PROTOTYPES = YES;
				CLANG_WARN_SUSPICIOUS_MOVE = YES;
				CLANG_WARN_UNGUARDED_AVAILABILITY = YES_AGGRESSIVE;
				CLANG_WARN_UNREACHABLE_CODE = YES;
				CLANG_WARN__DUPLICATE_METHOD_MATCH = YES;
				CODE_SIGN_IDENTITY = "iPhone Developer";
				COPY_PHASE_STRIP = NO;
				DEBUG_INFORMATION_FORMAT = dwarf;
				ENABLE_STRICT_OBJC_MSGSEND = YES;
				ENABLE_TESTABILITY = YES;
				GCC_C_LANGUAGE_STANDARD = gnu11;
				GCC_DYNAMIC_NO_PIC = NO;
				GCC_NO_COMMON_BLOCKS = YES;
				GCC_OPTIMIZATION_LEVEL = 0;
				GCC_PREPROCESSOR_DEFINITIONS = (
					"DEBUG=1",
					"$(inherited)",
				);
				GCC_WARN_64_TO_32_BIT_CONVERSION = YES;
				GCC_WARN_ABOUT_RETURN_TYPE = YES_ERROR;
				GCC_WARN_UNDECLARED_SELECTOR = YES;
				GCC_WARN_UNINITIALIZED_AUTOS = YES_AGGRESSIVE;
				GCC_WARN_UNUSED_FUNCTION = YES;
				GCC_WARN_UNUSED_VARIABLE = YES;
				IPHONEOS_DEPLOYMENT_TARGET = 11.1;
				MTL_ENABLE_DEBUG_INFO = YES;
				ONLY_ACTIVE_ARCH = YES;
				SDKROOT = iphoneos;
				SWIFT_ACTIVE_COMPILATION_CONDITIONS = DEBUG;
				SWIFT_OPTIMIZATION_LEVEL = "-Onone";
			};
			name = Debug;
		};
		4C4F994A1FC1774400A0422B /* Release */ = {
			isa = XCBuildConfiguration;
			buildSettings = {
				ALWAYS_SEARCH_USER_PATHS = NO;
				CLANG_ANALYZER_NONNULL = YES;
				CLANG_ANALYZER_NUMBER_OBJECT_CONVERSION = YES_AGGRESSIVE;
				CLANG_CXX_LANGUAGE_STANDARD = "gnu++14";
				CLANG_CXX_LIBRARY = "libc++";
				CLANG_ENABLE_MODULES = YES;
				CLANG_ENABLE_OBJC_ARC = YES;
				CLANG_WARN_BLOCK_CAPTURE_AUTORELEASING = YES;
				CLANG_WARN_BOOL_CONVERSION = YES;
				CLANG_WARN_COMMA = YES;
				CLANG_WARN_CONSTANT_CONVERSION = YES;
				CLANG_WARN_DIRECT_OBJC_ISA_USAGE = YES_ERROR;
				CLANG_WARN_DOCUMENTATION_COMMENTS = YES;
				CLANG_WARN_EMPTY_BODY = YES;
				CLANG_WARN_ENUM_CONVERSION = YES;
				CLANG_WARN_INFINITE_RECURSION = YES;
				CLANG_WARN_INT_CONVERSION = YES;
				CLANG_WARN_NON_LITERAL_NULL_CONVERSION = YES;
				CLANG_WARN_OBJC_LITERAL_CONVERSION = YES;
				CLANG_WARN_OBJC_ROOT_CLASS = YES_ERROR;
				CLANG_WARN_RANGE_LOOP_ANALYSIS = YES;
				CLANG_WARN_STRICT_PROTOTYPES = YES;
				CLANG_WARN_SUSPICIOUS_MOVE = YES;
				CLANG_WARN_UNGUARDED_AVAILABILITY = YES_AGGRESSIVE;
				CLANG_WARN_UNREACHABLE_CODE = YES;
				CLANG_WARN__DUPLICATE_METHOD_MATCH = YES;
				CODE_SIGN_IDENTITY = "iPhone Developer";
				COPY_PHASE_STRIP = NO;
				DEBUG_INFORMATION_FORMAT = "dwarf-with-dsym";
				ENABLE_NS_ASSERTIONS = NO;
				ENABLE_STRICT_OBJC_MSGSEND = YES;
				GCC_C_LANGUAGE_STANDARD = gnu11;
				GCC_NO_COMMON_BLOCKS = YES;
				GCC_WARN_64_TO_32_BIT_CONVERSION = YES;
				GCC_WARN_ABOUT_RETURN_TYPE = YES_ERROR;
				GCC_WARN_UNDECLARED_SELECTOR = YES;
				GCC_WARN_UNINITIALIZED_AUTOS = YES_AGGRESSIVE;
				GCC_WARN_UNUSED_FUNCTION = YES;
				GCC_WARN_UNUSED_VARIABLE = YES;
				IPHONEOS_DEPLOYMENT_TARGET = 11.1;
				MTL_ENABLE_DEBUG_INFO = NO;
				SDKROOT = iphoneos;
				SWIFT_OPTIMIZATION_LEVEL = "-Owholemodule";
				VALIDATE_PRODUCT = YES;
			};
			name = Release;
		};
		4C4F994C1FC1774400A0422B /* Debug */ = {
			isa = XCBuildConfiguration;
			baseConfigurationReference = 64E227C98A6D59D2F60F3C30 /* Pods-Realm Array String Example.debug.xcconfig */;
			buildSettings = {
				ASSETCATALOG_COMPILER_APPICON_NAME = AppIcon;
				CODE_SIGN_STYLE = Automatic;
				INFOPLIST_FILE = "Realm Array String Example/Info.plist";
				LD_RUNPATH_SEARCH_PATHS = "$(inherited) @executable_path/Frameworks";
				PRODUCT_BUNDLE_IDENTIFIER = "sa.SalehAlDhobaie.Realm-Array-String-Example";
				PRODUCT_NAME = "$(TARGET_NAME)";
				SWIFT_VERSION = 4.0;
				TARGETED_DEVICE_FAMILY = "1,2";
			};
			name = Debug;
		};
		4C4F994D1FC1774400A0422B /* Release */ = {
			isa = XCBuildConfiguration;
			baseConfigurationReference = 4A0BD6E0B01DC127D6FC3BB6 /* Pods-Realm Array String Example.release.xcconfig */;
			buildSettings = {
				ASSETCATALOG_COMPILER_APPICON_NAME = AppIcon;
				CODE_SIGN_STYLE = Automatic;
				INFOPLIST_FILE = "Realm Array String Example/Info.plist";
				LD_RUNPATH_SEARCH_PATHS = "$(inherited) @executable_path/Frameworks";
				PRODUCT_BUNDLE_IDENTIFIER = "sa.SalehAlDhobaie.Realm-Array-String-Example";
				PRODUCT_NAME = "$(TARGET_NAME)";
				SWIFT_VERSION = 4.0;
				TARGETED_DEVICE_FAMILY = "1,2";
			};
			name = Release;
		};
		4C4F994F1FC1774400A0422B /* Debug */ = {
			isa = XCBuildConfiguration;
			baseConfigurationReference = 74A3CA9F485D716CC43FC9C9 /* Pods-Realm Array String ExampleTests.debug.xcconfig */;
			buildSettings = {
				ALWAYS_EMBED_SWIFT_STANDARD_LIBRARIES = YES;
				BUNDLE_LOADER = "$(TEST_HOST)";
				CODE_SIGN_STYLE = Automatic;
				INFOPLIST_FILE = "Realm Array String ExampleTests/Info.plist";
				LD_RUNPATH_SEARCH_PATHS = "$(inherited) @executable_path/Frameworks @loader_path/Frameworks";
				PRODUCT_BUNDLE_IDENTIFIER = "sa.SalehAlDhobaie.Realm-Array-String-ExampleTests";
				PRODUCT_NAME = "$(TARGET_NAME)";
				SWIFT_VERSION = 4.0;
				TARGETED_DEVICE_FAMILY = "1,2";
				TEST_HOST = "$(BUILT_PRODUCTS_DIR)/Realm Array String Example.app/Realm Array String Example";
			};
			name = Debug;
		};
		4C4F99501FC1774400A0422B /* Release */ = {
			isa = XCBuildConfiguration;
			baseConfigurationReference = 2978CBBC9D2F378C2DCF5CFA /* Pods-Realm Array String ExampleTests.release.xcconfig */;
			buildSettings = {
				ALWAYS_EMBED_SWIFT_STANDARD_LIBRARIES = YES;
				BUNDLE_LOADER = "$(TEST_HOST)";
				CODE_SIGN_STYLE = Automatic;
				INFOPLIST_FILE = "Realm Array String ExampleTests/Info.plist";
				LD_RUNPATH_SEARCH_PATHS = "$(inherited) @executable_path/Frameworks @loader_path/Frameworks";
				PRODUCT_BUNDLE_IDENTIFIER = "sa.SalehAlDhobaie.Realm-Array-String-ExampleTests";
				PRODUCT_NAME = "$(TARGET_NAME)";
				SWIFT_VERSION = 4.0;
				TARGETED_DEVICE_FAMILY = "1,2";
				TEST_HOST = "$(BUILT_PRODUCTS_DIR)/Realm Array String Example.app/Realm Array String Example";
			};
			name = Release;
		};
		4C4F99521FC1774400A0422B /* Debug */ = {
			isa = XCBuildConfiguration;
			baseConfigurationReference = AF3118EDA5046B8292EAA937 /* Pods-Realm Array String ExampleUITests.debug.xcconfig */;
			buildSettings = {
				ALWAYS_EMBED_SWIFT_STANDARD_LIBRARIES = YES;
				CODE_SIGN_STYLE = Automatic;
				INFOPLIST_FILE = "Realm Array String ExampleUITests/Info.plist";
				LD_RUNPATH_SEARCH_PATHS = "$(inherited) @executable_path/Frameworks @loader_path/Frameworks";
				PRODUCT_BUNDLE_IDENTIFIER = "sa.SalehAlDhobaie.Realm-Array-String-ExampleUITests";
				PRODUCT_NAME = "$(TARGET_NAME)";
				SWIFT_VERSION = 4.0;
				TARGETED_DEVICE_FAMILY = "1,2";
				TEST_TARGET_NAME = "Realm Array String Example";
			};
			name = Debug;
		};
		4C4F99531FC1774400A0422B /* Release */ = {
			isa = XCBuildConfiguration;
			baseConfigurationReference = 3FA835952FE4EACEAF122893 /* Pods-Realm Array String ExampleUITests.release.xcconfig */;
			buildSettings = {
				ALWAYS_EMBED_SWIFT_STANDARD_LIBRARIES = YES;
				CODE_SIGN_STYLE = Automatic;
				INFOPLIST_FILE = "Realm Array String ExampleUITests/Info.plist";
				LD_RUNPATH_SEARCH_PATHS = "$(inherited) @executable_path/Frameworks @loader_path/Frameworks";
				PRODUCT_BUNDLE_IDENTIFIER = "sa.SalehAlDhobaie.Realm-Array-String-ExampleUITests";
				PRODUCT_NAME = "$(TARGET_NAME)";
				SWIFT_VERSION = 4.0;
				TARGETED_DEVICE_FAMILY = "1,2";
				TEST_TARGET_NAME = "Realm Array String Example";
			};
			name = Release;
		};
/* End XCBuildConfiguration section */

/* Begin XCConfigurationList section */
		4C4F991E1FC1774400A0422B /* Build configuration list for PBXProject "Realm Array String Example" */ = {
			isa = XCConfigurationList;
			buildConfigurations = (
				4C4F99491FC1774400A0422B /* Debug */,
				4C4F994A1FC1774400A0422B /* Release */,
			);
			defaultConfigurationIsVisible = 0;
			defaultConfigurationName = Release;
		};
		4C4F994B1FC1774400A0422B /* Build configuration list for PBXNativeTarget "Realm Array String Example" */ = {
			isa = XCConfigurationList;
			buildConfigurations = (
				4C4F994C1FC1774400A0422B /* Debug */,
				4C4F994D1FC1774400A0422B /* Release */,
			);
			defaultConfigurationIsVisible = 0;
			defaultConfigurationName = Release;
		};
		4C4F994E1FC1774400A0422B /* Build configuration list for PBXNativeTarget "Realm Array String ExampleTests" */ = {
			isa = XCConfigurationList;
			buildConfigurations = (
				4C4F994F1FC1774400A0422B /* Debug */,
				4C4F99501FC1774400A0422B /* Release */,
			);
			defaultConfigurationIsVisible = 0;
			defaultConfigurationName = Release;
		};
		4C4F99511FC1774400A0422B /* Build configuration list for PBXNativeTarget "Realm Array String ExampleUITests" */ = {
			isa = XCConfigurationList;
			buildConfigurations = (
				4C4F99521FC1774400A0422B /* Debug */,
				4C4F99531FC1774400A0422B /* Release */,
			);
			defaultConfigurationIsVisible = 0;
			defaultConfigurationName = Release;
		};
/* End XCConfigurationList section */
	};
	rootObject = 4C4F991B1FC1774400A0422B /* Project object */;
}
